
Microsoft Visual Studio Solution File, Format Version 12.00
# Visual Studio Version 16
VisualStudioVersion = 16.6.30114.105
MinimumVisualStudioVersion = 10.0.40219.1
Project("{9A19103F-16F7-4668-BE54-9A1E7A4F7556}") = "WebApi", "WebApi\WebApi.csproj", "{546569AB-BBFA-49E6-A03A-30F8820FFE76}"
EndProject
Project("{9A19103F-16F7-4668-BE54-9A1E7A4F7556}") = "WebApi.Models", "WebApi.Models\WebApi.Models.csproj", "{08FD784D-0989-4F33-A472-8862B6574242}"
EndProject
Project("{9A19103F-16F7-4668-BE54-9A1E7A4F7556}") = "WebApi_DB", "WebApi_DB\WebApi_DB.csproj", "{ABE874BB-162E-4B35-92AD-E69BF2BE20BB}"
EndProject
Global
	GlobalSection(SolutionConfigurationPlatforms) = preSolution
		Debug|Any CPU = Debug|Any CPU
		Debug|x64 = Debug|x64
		Debug|x86 = Debug|x86
		Release|Any CPU = Release|Any CPU
		Release|x64 = Release|x64
		Release|x86 = Release|x86
	EndGlobalSection
	GlobalSection(ProjectConfigurationPlatforms) = postSolution
		{546569AB-BBFA-49E6-A03A-30F8820FFE76}.Debug|Any CPU.ActiveCfg = Debug|Any CPU
		{546569AB-BBFA-49E6-A03A-30F8820FFE76}.Debug|Any CPU.Build.0 = Debug|Any CPU
		{546569AB-BBFA-49E6-A03A-30F8820FFE76}.Debug|x64.ActiveCfg = Debug|Any CPU
		{546569AB-BBFA-49E6-A03A-30F8820FFE76}.Debug|x64.Build.0 = Debug|Any CPU
		{546569AB-BBFA-49E6-A03A-30F8820FFE76}.Debug|x86.ActiveCfg = Debug|Any CPU
		{546569AB-BBFA-49E6-A03A-30F8820FFE76}.Debug|x86.Build.0 = Debug|Any CPU
		{546569AB-BBFA-49E6-A03A-30F8820FFE76}.Release|Any CPU.ActiveCfg = Release|Any CPU
		{546569AB-BBFA-49E6-A03A-30F8820FFE76}.Release|Any CPU.Build.0 = Release|Any CPU
		{546569AB-BBFA-49E6-A03A-30F8820FFE76}.Release|x64.ActiveCfg = Release|Any CPU
		{546569AB-BBFA-49E6-A03A-30F8820FFE76}.Release|x64.Build.0 = Release|Any CPU
		{546569AB-BBFA-49E6-A03A-30F8820FFE76}.Release|x86.ActiveCfg = Release|Any CPU
		{546569AB-BBFA-49E6-A03A-30F8820FFE76}.Release|x86.Build.0 = Release|Any CPU
		{08FD784D-0989-4F33-A472-8862B6574242}.Debug|Any CPU.ActiveCfg = Debug|Any CPU
		{08FD784D-0989-4F33-A472-8862B6574242}.Debug|Any CPU.Build.0 = Debug|Any CPU
		{08FD784D-0989-4F33-A472-8862B6574242}.Debug|x64.ActiveCfg = Debug|Any CPU
		{08FD784D-0989-4F33-A472-8862B6574242}.Debug|x64.Build.0 = Debug|Any CPU
		{08FD784D-0989-4F33-A472-8862B6574242}.Debug|x86.ActiveCfg = Debug|Any CPU
		{08FD784D-0989-4F33-A472-8862B6574242}.Debug|x86.Build.0 = Debug|Any CPU
		{08FD784D-0989-4F33-A472-8862B6574242}.Release|Any CPU.ActiveCfg = Release|Any CPU
		{08FD784D-0989-4F33-A472-8862B6574242}.Release|Any CPU.Build.0 = Release|Any CPU
		{08FD784D-0989-4F33-A472-8862B6574242}.Release|x64.ActiveCfg = Release|Any CPU
		{08FD784D-0989-4F33-A472-8862B6574242}.Release|x64.Build.0 = Release|Any CPU
		{08FD784D-0989-4F33-A472-8862B6574242}.Release|x86.ActiveCfg = Release|Any CPU
		{08FD784D-0989-4F33-A472-8862B6574242}.Release|x86.Build.0 = Release|Any CPU
		{ABE874BB-162E-4B35-92AD-E69BF2BE20BB}.Debug|Any CPU.ActiveCfg = Debug|Any CPU
		{ABE874BB-162E-4B35-92AD-E69BF2BE20BB}.Debug|Any CPU.Build.0 = Debug|Any CPU
		{ABE874BB-162E-4B35-92AD-E69BF2BE20BB}.Debug|x64.ActiveCfg = Debug|Any CPU
		{ABE874BB-162E-4B35-92AD-E69BF2BE20BB}.Debug|x64.Build.0 = Debug|Any CPU
		{ABE874BB-162E-4B35-92AD-E69BF2BE20BB}.Debug|x86.ActiveCfg = Debug|Any CPU
		{ABE874BB-162E-4B35-92AD-E69BF2BE20BB}.Debug|x86.Build.0 = Debug|Any CPU
		{ABE874BB-162E-4B35-92AD-E69BF2BE20BB}.Release|Any CPU.ActiveCfg = Release|Any CPU
		{ABE874BB-162E-4B35-92AD-E69BF2BE20BB}.Release|Any CPU.Build.0 = Release|Any CPU
		{ABE874BB-162E-4B35-92AD-E69BF2BE20BB}.Release|x64.ActiveCfg = Release|Any CPU
		{ABE874BB-162E-4B35-92AD-E69BF2BE20BB}.Release|x64.Build.0 = Release|Any CPU
		{ABE874BB-162E-4B35-92AD-E69BF2BE20BB}.Release|x86.ActiveCfg = Release|Any CPU
		{ABE874BB-162E-4B35-92AD-E69BF2BE20BB}.Release|x86.Build.0 = Release|Any CPU
	EndGlobalSection
	GlobalSection(SolutionProperties) = preSolution
		HideSolutionNode = FALSE
	EndGlobalSection
	GlobalSection(ExtensibilityGlobals) = postSolution
		SolutionGuid = {DCE5710C-6358-4FB3-AF7E-268C5285A4B7}
	EndGlobalSection
EndGlobal
