
Microsoft Visual Studio Solution File, Format Version 12.00
# Visual Studio Version 16
VisualStudioVersion = 16.0.31129.286
MinimumVisualStudioVersion = 10.0.40219.1
Project("{FAE04EC0-301F-11D3-BF4B-00C04F79EFBC}") = "NBA_API", "NBA_API\NBA_API.csproj", "{119BB0B9-9A3E-4063-AD0C-48D05A32B48B}"
EndProject
Global
	GlobalSection(SolutionConfigurationPlatforms) = preSolution
		Debug|Any CPU = Debug|Any CPU
		Release|Any CPU = Release|Any CPU
	EndGlobalSection
	GlobalSection(ProjectConfigurationPlatforms) = postSolution
		{119BB0B9-9A3E-4063-AD0C-48D05A32B48B}.Debug|Any CPU.ActiveCfg = Debug|Any CPU
		{119BB0B9-9A3E-4063-AD0C-48D05A32B48B}.Debug|Any CPU.Build.0 = Debug|Any CPU
		{119BB0B9-9A3E-4063-AD0C-48D05A32B48B}.Release|Any CPU.ActiveCfg = Release|Any CPU
		{119BB0B9-9A3E-4063-AD0C-48D05A32B48B}.Release|Any CPU.Build.0 = Release|Any CPU
	EndGlobalSection
	GlobalSection(SolutionProperties) = preSolution
		HideSolutionNode = FALSE
	EndGlobalSection
	GlobalSection(ExtensibilityGlobals) = postSolution
		SolutionGuid = {BF4C413C-5A6D-4C06-AF1C-85F989B7B6FF}
	EndGlobalSection
EndGlobal
